
Microsoft Visual Studio Solution File, Format Version 12.00
# Visual Studio Version 17
VisualStudioVersion = 17.3.32922.545
MinimumVisualStudioVersion = 10.0.40219.1
Project("{9A19103F-16F7-4668-BE54-9A1E7A4F7556}") = "Ex02", "Ex02\Ex02.csproj", "{6EA700ED-5881-4776-980E-6EE3744EBDA6}"
EndProject
Project("{FAE04EC0-301F-11D3-BF4B-00C04F79EFBC}") = "Ex03", "Ex03\Ex03.csproj", "{8FB02A8F-B419-47FB-BBD2-25E3656C07C0}"
EndProject
Global
	GlobalSection(SolutionConfigurationPlatforms) = preSolution
		Debug|Any CPU = Debug|Any CPU
		Release|Any CPU = Release|Any CPU
	EndGlobalSection
	GlobalSection(ProjectConfigurationPlatforms) = postSolution
		{6EA700ED-5881-4776-980E-6EE3744EBDA6}.Debug|Any CPU.ActiveCfg = Debug|Any CPU
		{6EA700ED-5881-4776-980E-6EE3744EBDA6}.Debug|Any CPU.Build.0 = Debug|Any CPU
		{6EA700ED-5881-4776-980E-6EE3744EBDA6}.Release|Any CPU.ActiveCfg = Release|Any CPU
		{6EA700ED-5881-4776-980E-6EE3744EBDA6}.Release|Any CPU.Build.0 = Release|Any CPU
		{8FB02A8F-B419-47FB-BBD2-25E3656C07C0}.Debug|Any CPU.ActiveCfg = Debug|Any CPU
		{8FB02A8F-B419-47FB-BBD2-25E3656C07C0}.Debug|Any CPU.Build.0 = Debug|Any CPU
		{8FB02A8F-B419-47FB-BBD2-25E3656C07C0}.Release|Any CPU.ActiveCfg = Release|Any CPU
		{8FB02A8F-B419-47FB-BBD2-25E3656C07C0}.Release|Any CPU.Build.0 = Release|Any CPU
	EndGlobalSection
	GlobalSection(SolutionProperties) = preSolution
		HideSolutionNode = FALSE
	EndGlobalSection
	GlobalSection(ExtensibilityGlobals) = postSolution
		SolutionGuid = {42986C7E-A891-421B-AA46-B9391FB99A29}
	EndGlobalSection
EndGlobal
